// !$*UTF8*$!
{
	archiveVersion = 1;
	classes = {
	};
	objectVersion = 46;
	objects = {

/* Begin PBXBuildFile section */
		5614A4C91E6FD02B00498C33 /* LentItem.swift in Sources */ = {isa = PBXBuildFile; fileRef = 5614A4C31E6FD02B00498C33 /* LentItem.swift */; };
		5614A4CB1E6FD02B00498C33 /* Picture.swift in Sources */ = {isa = PBXBuildFile; fileRef = 5614A4C51E6FD02B00498C33 /* Picture.swift */; };
		5614A4CD1E6FD02B00498C33 /* Category.swift in Sources */ = {isa = PBXBuildFile; fileRef = 5614A4C71E6FD02B00498C33 /* Category.swift */; };
		5624DDEC1B68C22B00A12F82 /* Model.xcdatamodeld in Sources */ = {isa = PBXBuildFile; fileRef = 5624DDEA1B68C22B00A12F82 /* Model.xcdatamodeld */; };
		562BB1381B55627000B73F46 /* AppDelegate.swift in Sources */ = {isa = PBXBuildFile; fileRef = 562BB1371B55627000B73F46 /* AppDelegate.swift */; };
		562BB13D1B55627000B73F46 /* Main.storyboard in Resources */ = {isa = PBXBuildFile; fileRef = 562BB13B1B55627000B73F46 /* Main.storyboard */; };
		562BB13F1B55627000B73F46 /* Images.xcassets in Resources */ = {isa = PBXBuildFile; fileRef = 562BB13E1B55627000B73F46 /* Images.xcassets */; };
		562BB1421B55627000B73F46 /* LaunchScreen.xib in Resources */ = {isa = PBXBuildFile; fileRef = 562BB1401B55627000B73F46 /* LaunchScreen.xib */; };
		56BEFEC01B68C9C5006F0664 /* CategoryListViewController.swift in Sources */ = {isa = PBXBuildFile; fileRef = 56BEFEBF1B68C9C5006F0664 /* CategoryListViewController.swift */; };
		56BEFEC21B68C9D3006F0664 /* LentItemListViewController.swift in Sources */ = {isa = PBXBuildFile; fileRef = 56BEFEC11B68C9D3006F0664 /* LentItemListViewController.swift */; };
		56BEFF661B68D00F006F0664 /* LendingLibraryService.swift in Sources */ = {isa = PBXBuildFile; fileRef = 56BEFF651B68D00F006F0664 /* LendingLibraryService.swift */; };
		56BEFFF01B709B3D006F0664 /* CategoryDetailViewController.swift in Sources */ = {isa = PBXBuildFile; fileRef = 56BEFFEF1B709B3D006F0664 /* CategoryDetailViewController.swift */; };
		56BEFFF31B709C5F006F0664 /* CategoryDetailViewControllerDelegate.swift in Sources */ = {isa = PBXBuildFile; fileRef = 56BEFFF21B709C5F006F0664 /* CategoryDetailViewControllerDelegate.swift */; };
		56BEFFF51B70A494006F0664 /* LentItemDetailViewController.swift in Sources */ = {isa = PBXBuildFile; fileRef = 56BEFFF41B70A494006F0664 /* LentItemDetailViewController.swift */; };
		56BEFFF71B70A541006F0664 /* LentItemDetailViewControllerDelegate.swift in Sources */ = {isa = PBXBuildFile; fileRef = 56BEFFF61B70A541006F0664 /* LentItemDetailViewControllerDelegate.swift */; };
/* End PBXBuildFile section */

/* Begin PBXCopyFilesBuildPhase section */
		56ADD26F1B557984000887BD /* Embed Frameworks */ = {
			isa = PBXCopyFilesBuildPhase;
			buildActionMask = 2147483647;
			dstPath = "";
			dstSubfolderSpec = 10;
			files = (
			);
			name = "Embed Frameworks";
			runOnlyForDeploymentPostprocessing = 0;
		};
/* End PBXCopyFilesBuildPhase section */

/* Begin PBXFileReference section */
		5614A4C31E6FD02B00498C33 /* LentItem.swift */ = {isa = PBXFileReference; fileEncoding = 4; lastKnownFileType = sourcecode.swift; path = LentItem.swift; sourceTree = "<group>"; };
		5614A4C51E6FD02B00498C33 /* Picture.swift */ = {isa = PBXFileReference; fileEncoding = 4; lastKnownFileType = sourcecode.swift; path = Picture.swift; sourceTree = "<group>"; };
		5614A4C71E6FD02B00498C33 /* Category.swift */ = {isa = PBXFileReference; fileEncoding = 4; lastKnownFileType = sourcecode.swift; path = Category.swift; sourceTree = "<group>"; };
		5624DDEB1B68C22B00A12F82 /* Model.xcdatamodel */ = {isa = PBXFileReference; lastKnownFileType = wrapper.xcdatamodel; path = Model.xcdatamodel; sourceTree = "<group>"; };
		562BB1321B55627000B73F46 /* LendingLibrary.app */ = {isa = PBXFileReference; explicitFileType = wrapper.application; includeInIndex = 0; path = LendingLibrary.app; sourceTree = BUILT_PRODUCTS_DIR; };
		562BB1361B55627000B73F46 /* Info.plist */ = {isa = PBXFileReference; lastKnownFileType = text.plist.xml; path = Info.plist; sourceTree = "<group>"; };
		562BB1371B55627000B73F46 /* AppDelegate.swift */ = {isa = PBXFileReference; lastKnownFileType = sourcecode.swift; path = AppDelegate.swift; sourceTree = "<group>"; };
		562BB13C1B55627000B73F46 /* Base */ = {isa = PBXFileReference; lastKnownFileType = file.storyboard; name = Base; path = Base.lproj/Main.storyboard; sourceTree = "<group>"; };
		562BB13E1B55627000B73F46 /* Images.xcassets */ = {isa = PBXFileReference; lastKnownFileType = folder.assetcatalog; path = Images.xcassets; sourceTree = "<group>"; };
		562BB1411B55627000B73F46 /* Base */ = {isa = PBXFileReference; lastKnownFileType = file.xib; name = Base; path = Base.lproj/LaunchScreen.xib; sourceTree = "<group>"; };
		56BEFEBF1B68C9C5006F0664 /* CategoryListViewController.swift */ = {isa = PBXFileReference; fileEncoding = 4; lastKnownFileType = sourcecode.swift; path = CategoryListViewController.swift; sourceTree = "<group>"; };
		56BEFEC11B68C9D3006F0664 /* LentItemListViewController.swift */ = {isa = PBXFileReference; fileEncoding = 4; lastKnownFileType = sourcecode.swift; path = LentItemListViewController.swift; sourceTree = "<group>"; };
		56BEFF651B68D00F006F0664 /* LendingLibraryService.swift */ = {isa = PBXFileReference; fileEncoding = 4; lastKnownFileType = sourcecode.swift; path = LendingLibraryService.swift; sourceTree = "<group>"; };
		56BEFFEF1B709B3D006F0664 /* CategoryDetailViewController.swift */ = {isa = PBXFileReference; fileEncoding = 4; lastKnownFileType = sourcecode.swift; path = CategoryDetailViewController.swift; sourceTree = "<group>"; };
		56BEFFF21B709C5F006F0664 /* CategoryDetailViewControllerDelegate.swift */ = {isa = PBXFileReference; fileEncoding = 4; lastKnownFileType = sourcecode.swift; path = CategoryDetailViewControllerDelegate.swift; sourceTree = "<group>"; };
		56BEFFF41B70A494006F0664 /* LentItemDetailViewController.swift */ = {isa = PBXFileReference; fileEncoding = 4; lastKnownFileType = sourcecode.swift; path = LentItemDetailViewController.swift; sourceTree = "<group>"; };
		56BEFFF61B70A541006F0664 /* LentItemDetailViewControllerDelegate.swift */ = {isa = PBXFileReference; fileEncoding = 4; lastKnownFileType = sourcecode.swift; path = LentItemDetailViewControllerDelegate.swift; sourceTree = "<group>"; };
/* End PBXFileReference section */

/* Begin PBXFrameworksBuildPhase section */
		562BB12F1B55627000B73F46 /* Frameworks */ = {
			isa = PBXFrameworksBuildPhase;
			buildActionMask = 2147483647;
			files = (
			);
			runOnlyForDeploymentPostprocessing = 0;
		};
/* End PBXFrameworksBuildPhase section */

/* Begin PBXGroup section */
		562BB1291B55627000B73F46 = {
			isa = PBXGroup;
			children = (
				562BB1341B55627000B73F46 /* LendingLibrary */,
				562BB1331B55627000B73F46 /* Products */,
			);
			sourceTree = "<group>";
		};
		562BB1331B55627000B73F46 /* Products */ = {
			isa = PBXGroup;
			children = (
				562BB1321B55627000B73F46 /* LendingLibrary.app */,
			);
			name = Products;
			sourceTree = "<group>";
		};
		562BB1341B55627000B73F46 /* LendingLibrary */ = {
			isa = PBXGroup;
			children = (
				562BB1581B5562D100B73F46 /* Source */,
				562BB1571B5562CB00B73F46 /* Resources */,
			);
			path = LendingLibrary;
			sourceTree = "<group>";
		};
		562BB1571B5562CB00B73F46 /* Resources */ = {
			isa = PBXGroup;
			children = (
				562BB13E1B55627000B73F46 /* Images.xcassets */,
				562BB1361B55627000B73F46 /* Info.plist */,
				562BB1401B55627000B73F46 /* LaunchScreen.xib */,
				562BB13B1B55627000B73F46 /* Main.storyboard */,
				5624DDEA1B68C22B00A12F82 /* Model.xcdatamodeld */,
			);
			path = Resources;
			sourceTree = "<group>";
		};
		562BB1581B5562D100B73F46 /* Source */ = {
			isa = PBXGroup;
			children = (
				562BB1591B5562E400B73F46 /* Controller */,
				56BEFEC51B68C9FB006F0664 /* Model */,
				56BEFF621B68CFB2006F0664 /* Service */,
			);
			path = Source;
			sourceTree = "<group>";
		};
		562BB1591B5562E400B73F46 /* Controller */ = {
			isa = PBXGroup;
			children = (
				56BEFFF11B709C43006F0664 /* Protocol */,
				562BB1371B55627000B73F46 /* AppDelegate.swift */,
				56BEFFEF1B709B3D006F0664 /* CategoryDetailViewController.swift */,
				56BEFEBF1B68C9C5006F0664 /* CategoryListViewController.swift */,
				56BEFFF41B70A494006F0664 /* LentItemDetailViewController.swift */,
				56BEFEC11B68C9D3006F0664 /* LentItemListViewController.swift */,
			);
			path = Controller;
			sourceTree = "<group>";
		};
		56BEFEC51B68C9FB006F0664 /* Model */ = {
			isa = PBXGroup;
			children = (
				5614A4C31E6FD02B00498C33 /* LentItem.swift */,
				5614A4C51E6FD02B00498C33 /* Picture.swift */,
				5614A4C71E6FD02B00498C33 /* Category.swift */,
			);
			path = Model;
			sourceTree = "<group>";
		};
		56BEFF621B68CFB2006F0664 /* Service */ = {
			isa = PBXGroup;
			children = (
				56BEFF651B68D00F006F0664 /* LendingLibraryService.swift */,
			);
			path = Service;
			sourceTree = "<group>";
		};
		56BEFFF11B709C43006F0664 /* Protocol */ = {
			isa = PBXGroup;
			children = (
				56BEFFF21B709C5F006F0664 /* CategoryDetailViewControllerDelegate.swift */,
				56BEFFF61B70A541006F0664 /* LentItemDetailViewControllerDelegate.swift */,
			);
			path = Protocol;
			sourceTree = "<group>";
		};
/* End PBXGroup section */

/* Begin PBXNativeTarget section */
		562BB1311B55627000B73F46 /* LendingLibrary */ = {
			isa = PBXNativeTarget;
			buildConfigurationList = 562BB1511B55627000B73F46 /* Build configuration list for PBXNativeTarget "LendingLibrary" */;
			buildPhases = (
				562BB12E1B55627000B73F46 /* Sources */,
				562BB12F1B55627000B73F46 /* Frameworks */,
				562BB1301B55627000B73F46 /* Resources */,
				56ADD26F1B557984000887BD /* Embed Frameworks */,
			);
			buildRules = (
			);
			dependencies = (
			);
			name = LendingLibrary;
			productName = FinalProject;
			productReference = 562BB1321B55627000B73F46 /* LendingLibrary.app */;
			productType = "com.apple.product-type.application";
		};
/* End PBXNativeTarget section */

/* Begin PBXProject section */
		562BB12A1B55627000B73F46 /* Project object */ = {
			isa = PBXProject;
			attributes = {
				LastSwiftUpdateCheck = 0700;
				LastUpgradeCheck = 0820;
				TargetAttributes = {
					562BB1311B55627000B73F46 = {
						CreatedOnToolsVersion = 6.4;
						LastSwiftMigration = 0820;
					};
				};
			};
			buildConfigurationList = 562BB12D1B55627000B73F46 /* Build configuration list for PBXProject "LendingLibrary" */;
			compatibilityVersion = "Xcode 3.2";
			developmentRegion = English;
			hasScannedForEncodings = 0;
			knownRegions = (
				en,
				Base,
			);
			mainGroup = 562BB1291B55627000B73F46;
			productRefGroup = 562BB1331B55627000B73F46 /* Products */;
			projectDirPath = "";
			projectRoot = "";
			targets = (
				562BB1311B55627000B73F46 /* LendingLibrary */,
			);
		};
/* End PBXProject section */

/* Begin PBXResourcesBuildPhase section */
		562BB1301B55627000B73F46 /* Resources */ = {
			isa = PBXResourcesBuildPhase;
			buildActionMask = 2147483647;
			files = (
				562BB13D1B55627000B73F46 /* Main.storyboard in Resources */,
				562BB1421B55627000B73F46 /* LaunchScreen.xib in Resources */,
				562BB13F1B55627000B73F46 /* Images.xcassets in Resources */,
			);
			runOnlyForDeploymentPostprocessing = 0;
		};
/* End PBXResourcesBuildPhase section */

/* Begin PBXSourcesBuildPhase section */
		562BB12E1B55627000B73F46 /* Sources */ = {
			isa = PBXSourcesBuildPhase;
			buildActionMask = 2147483647;
			files = (
				56BEFFF51B70A494006F0664 /* LentItemDetailViewController.swift in Sources */,
				562BB1381B55627000B73F46 /* AppDelegate.swift in Sources */,
				5614A4CB1E6FD02B00498C33 /* Picture.swift in Sources */,
				56BEFEC21B68C9D3006F0664 /* LentItemListViewController.swift in Sources */,
				56BEFFF31B709C5F006F0664 /* CategoryDetailViewControllerDelegate.swift in Sources */,
				56BEFFF71B70A541006F0664 /* LentItemDetailViewControllerDelegate.swift in Sources */,
				56BEFFF01B709B3D006F0664 /* CategoryDetailViewController.swift in Sources */,
				5614A4CD1E6FD02B00498C33 /* Category.swift in Sources */,
				5624DDEC1B68C22B00A12F82 /* Model.xcdatamodeld in Sources */,
				5614A4C91E6FD02B00498C33 /* LentItem.swift in Sources */,
				56BEFEC01B68C9C5006F0664 /* CategoryListViewController.swift in Sources */,
				56BEFF661B68D00F006F0664 /* LendingLibraryService.swift in Sources */,
			);
			runOnlyForDeploymentPostprocessing = 0;
		};
/* End PBXSourcesBuildPhase section */

/* Begin PBXVariantGroup section */
		562BB13B1B55627000B73F46 /* Main.storyboard */ = {
			isa = PBXVariantGroup;
			children = (
				562BB13C1B55627000B73F46 /* Base */,
			);
			name = Main.storyboard;
			sourceTree = "<group>";
		};
		562BB1401B55627000B73F46 /* LaunchScreen.xib */ = {
			isa = PBXVariantGroup;
			children = (
				562BB1411B55627000B73F46 /* Base */,
			);
			name = LaunchScreen.xib;
			sourceTree = "<group>";
		};
/* End PBXVariantGroup section */

/* Begin XCBuildConfiguration section */
		562BB14F1B55627000B73F46 /* Debug */ = {
			isa = XCBuildConfiguration;
			buildSettings = {
				ALWAYS_SEARCH_USER_PATHS = NO;
				CLANG_CXX_LANGUAGE_STANDARD = "gnu++0x";
				CLANG_CXX_LIBRARY = "libc++";
				CLANG_ENABLE_MODULES = YES;
				CLANG_ENABLE_OBJC_ARC = YES;
				CLANG_WARN_BOOL_CONVERSION = YES;
				CLANG_WARN_CONSTANT_CONVERSION = YES;
				CLANG_WARN_DIRECT_OBJC_ISA_USAGE = YES_ERROR;
				CLANG_WARN_EMPTY_BODY = YES;
				CLANG_WARN_ENUM_CONVERSION = YES;
				CLANG_WARN_INFINITE_RECURSION = YES;
				CLANG_WARN_INT_CONVERSION = YES;
				CLANG_WARN_OBJC_ROOT_CLASS = YES_ERROR;
				CLANG_WARN_SUSPICIOUS_MOVE = YES;
				CLANG_WARN_UNREACHABLE_CODE = YES;
				CLANG_WARN__DUPLICATE_METHOD_MATCH = YES;
				"CODE_SIGN_IDENTITY[sdk=iphoneos*]" = "iPhone Developer";
				COPY_PHASE_STRIP = NO;
				DEBUG_INFORMATION_FORMAT = "dwarf-with-dsym";
				ENABLE_STRICT_OBJC_MSGSEND = YES;
				ENABLE_TESTABILITY = YES;
				GCC_C_LANGUAGE_STANDARD = gnu99;
				GCC_DYNAMIC_NO_PIC = NO;
				GCC_NO_COMMON_BLOCKS = YES;
				GCC_OPTIMIZATION_LEVEL = 0;
				GCC_PREPROCESSOR_DEFINITIONS = (
					"DEBUG=1",
					"$(inherited)",
				);
				GCC_SYMBOLS_PRIVATE_EXTERN = NO;
				GCC_WARN_64_TO_32_BIT_CONVERSION = YES;
				GCC_WARN_ABOUT_RETURN_TYPE = YES_ERROR;
				GCC_WARN_UNDECLARED_SELECTOR = YES;
				GCC_WARN_UNINITIALIZED_AUTOS = YES_AGGRESSIVE;
				GCC_WARN_UNUSED_FUNCTION = YES;
				GCC_WARN_UNUSED_VARIABLE = YES;
				IPHONEOS_DEPLOYMENT_TARGET = 10.0;
				MTL_ENABLE_DEBUG_INFO = YES;
				ONLY_ACTIVE_ARCH = YES;
				SDKROOT = iphoneos;
				SWIFT_OPTIMIZATION_LEVEL = "-Onone";
			};
			name = Debug;
		};
		562BB1501B55627000B73F46 /* Release */ = {
			isa = XCBuildConfiguration;
			buildSettings = {
				ALWAYS_SEARCH_USER_PATHS = NO;
				CLANG_CXX_LANGUAGE_STANDARD = "gnu++0x";
				CLANG_CXX_LIBRARY = "libc++";
				CLANG_ENABLE_MODULES = YES;
				CLANG_ENABLE_OBJC_ARC = YES;
				CLANG_WARN_BOOL_CONVERSION = YES;
				CLANG_WARN_CONSTANT_CONVERSION = YES;
				CLANG_WARN_DIRECT_OBJC_ISA_USAGE = YES_ERROR;
				CLANG_WARN_EMPTY_BODY = YES;
				CLANG_WARN_ENUM_CONVERSION = YES;
				CLANG_WARN_INFINITE_RECURSION = YES;
				CLANG_WARN_INT_CONVERSION = YES;
				CLANG_WARN_OBJC_ROOT_CLASS = YES_ERROR;
				CLANG_WARN_SUSPICIOUS_MOVE = YES;
				CLANG_WARN_UNREACHABLE_CODE = YES;
				CLANG_WARN__DUPLICATE_METHOD_MATCH = YES;
				"CODE_SIGN_IDENTITY[sdk=iphoneos*]" = "iPhone Developer";
				COPY_PHASE_STRIP = NO;
				DEBUG_INFORMATION_FORMAT = "dwarf-with-dsym";
				ENABLE_NS_ASSERTIONS = NO;
				ENABLE_STRICT_OBJC_MSGSEND = YES;
				GCC_C_LANGUAGE_STANDARD = gnu99;
				GCC_NO_COMMON_BLOCKS = YES;
				GCC_WARN_64_TO_32_BIT_CONVERSION = YES;
				GCC_WARN_ABOUT_RETURN_TYPE = YES_ERROR;
				GCC_WARN_UNDECLARED_SELECTOR = YES;
				GCC_WARN_UNINITIALIZED_AUTOS = YES_AGGRESSIVE;
				GCC_WARN_UNUSED_FUNCTION = YES;
				GCC_WARN_UNUSED_VARIABLE = YES;
				IPHONEOS_DEPLOYMENT_TARGET = 10.0;
				MTL_ENABLE_DEBUG_INFO = NO;
				SDKROOT = iphoneos;
				SWIFT_OPTIMIZATION_LEVEL = "-Owholemodule";
				VALIDATE_PRODUCT = YES;
			};
			name = Release;
		};
		562BB1521B55627000B73F46 /* Debug */ = {
			isa = XCBuildConfiguration;
			buildSettings = {
				ALWAYS_EMBED_SWIFT_STANDARD_LIBRARIES = YES;
				ASSETCATALOG_COMPILER_APPICON_NAME = AppIcon;
				INFOPLIST_FILE = "$(SRCROOT)/LendingLibrary/Resources/Info.plist";
				IPHONEOS_DEPLOYMENT_TARGET = 10.0;
				LD_RUNPATH_SEARCH_PATHS = "$(inherited) @executable_path/Frameworks";
				PRODUCT_BUNDLE_IDENTIFIER = com.cis410.LendingLibrary;
				PRODUCT_NAME = LendingLibrary;
				SWIFT_VERSION = 3.0;
			};
			name = Debug;
		};
		562BB1531B55627000B73F46 /* Release */ = {
			isa = XCBuildConfiguration;
			buildSettings = {
				ALWAYS_EMBED_SWIFT_STANDARD_LIBRARIES = YES;
				ASSETCATALOG_COMPILER_APPICON_NAME = AppIcon;
				INFOPLIST_FILE = "$(SRCROOT)/LendingLibrary/Resources/Info.plist";
				IPHONEOS_DEPLOYMENT_TARGET = 10.0;
				LD_RUNPATH_SEARCH_PATHS = "$(inherited) @executable_path/Frameworks";
				PRODUCT_BUNDLE_IDENTIFIER = com.cis410.LendingLibrary;
				PRODUCT_NAME = LendingLibrary;
				SWIFT_VERSION = 3.0;
			};
			name = Release;
		};
/* End XCBuildConfiguration section */

/* Begin XCConfigurationList section */
		562BB12D1B55627000B73F46 /* Build configuration list for PBXProject "LendingLibrary" */ = {
			isa = XCConfigurationList;
			buildConfigurations = (
				562BB14F1B55627000B73F46 /* Debug */,
				562BB1501B55627000B73F46 /* Release */,
			);
			defaultConfigurationIsVisible = 0;
			defaultConfigurationName = Release;
		};
		562BB1511B55627000B73F46 /* Build configuration list for PBXNativeTarget "LendingLibrary" */ = {
			isa = XCConfigurationList;
			buildConfigurations = (
				562BB1521B55627000B73F46 /* Debug */,
				562BB1531B55627000B73F46 /* Release */,
			);
			defaultConfigurationIsVisible = 0;
			defaultConfigurationName = Release;
		};
/* End XCConfigurationList section */

/* Begin XCVersionGroup section */
		5624DDEA1B68C22B00A12F82 /* Model.xcdatamodeld */ = {
			isa = XCVersionGroup;
			children = (
				5624DDEB1B68C22B00A12F82 /* Model.xcdatamodel */,
			);
			currentVersion = 5624DDEB1B68C22B00A12F82 /* Model.xcdatamodel */;
			path = Model.xcdatamodeld;
			sourceTree = "<group>";
			versionGroupType = wrapper.xcdatamodel;
		};
/* End XCVersionGroup section */
	};
	rootObject = 562BB12A1B55627000B73F46 /* Project object */;
}
