// !$*UTF8*$!
{
	archiveVersion = 1;
	classes = {
	};
	objectVersion = 46;
	objects = {

/* Begin PBXBuildFile section */
		56CC9F371B60B025002F3BCC /* AppDelegate.swift in Sources */ = {isa = PBXBuildFile; fileRef = 56CC9F361B60B025002F3BCC /* AppDelegate.swift */; };
		56CC9F391B60B025002F3BCC /* ViewController.swift in Sources */ = {isa = PBXBuildFile; fileRef = 56CC9F381B60B025002F3BCC /* ViewController.swift */; };
		56CC9F3C1B60B025002F3BCC /* Main.storyboard in Resources */ = {isa = PBXBuildFile; fileRef = 56CC9F3A1B60B025002F3BCC /* Main.storyboard */; };
		56CC9F3E1B60B025002F3BCC /* Images.xcassets in Resources */ = {isa = PBXBuildFile; fileRef = 56CC9F3D1B60B025002F3BCC /* Images.xcassets */; };
		56CC9F411B60B025002F3BCC /* LaunchScreen.xib in Resources */ = {isa = PBXBuildFile; fileRef = 56CC9F3F1B60B025002F3BCC /* LaunchScreen.xib */; };
		56CC9F571B60B16E002F3BCC /* KeychainService.swift in Sources */ = {isa = PBXBuildFile; fileRef = 56CC9F561B60B16E002F3BCC /* KeychainService.swift */; };
/* End PBXBuildFile section */

/* Begin PBXFileReference section */
		56CC9F311B60B025002F3BCC /* SecurePassword.app */ = {isa = PBXFileReference; explicitFileType = wrapper.application; includeInIndex = 0; path = SecurePassword.app; sourceTree = BUILT_PRODUCTS_DIR; };
		56CC9F351B60B025002F3BCC /* Info.plist */ = {isa = PBXFileReference; lastKnownFileType = text.plist.xml; path = Info.plist; sourceTree = "<group>"; };
		56CC9F361B60B025002F3BCC /* AppDelegate.swift */ = {isa = PBXFileReference; lastKnownFileType = sourcecode.swift; path = AppDelegate.swift; sourceTree = "<group>"; };
		56CC9F381B60B025002F3BCC /* ViewController.swift */ = {isa = PBXFileReference; lastKnownFileType = sourcecode.swift; path = ViewController.swift; sourceTree = "<group>"; };
		56CC9F3B1B60B025002F3BCC /* Base */ = {isa = PBXFileReference; lastKnownFileType = file.storyboard; name = Base; path = Base.lproj/Main.storyboard; sourceTree = "<group>"; };
		56CC9F3D1B60B025002F3BCC /* Images.xcassets */ = {isa = PBXFileReference; lastKnownFileType = folder.assetcatalog; path = Images.xcassets; sourceTree = "<group>"; };
		56CC9F401B60B025002F3BCC /* Base */ = {isa = PBXFileReference; lastKnownFileType = file.xib; name = Base; path = Base.lproj/LaunchScreen.xib; sourceTree = "<group>"; };
		56CC9F561B60B16E002F3BCC /* KeychainService.swift */ = {isa = PBXFileReference; fileEncoding = 4; lastKnownFileType = sourcecode.swift; path = KeychainService.swift; sourceTree = "<group>"; };
/* End PBXFileReference section */

/* Begin PBXFrameworksBuildPhase section */
		56CC9F2E1B60B025002F3BCC /* Frameworks */ = {
			isa = PBXFrameworksBuildPhase;
			buildActionMask = 2147483647;
			files = (
			);
			runOnlyForDeploymentPostprocessing = 0;
		};
/* End PBXFrameworksBuildPhase section */

/* Begin PBXGroup section */
		56CC9F281B60B025002F3BCC = {
			isa = PBXGroup;
			children = (
				56CC9F331B60B025002F3BCC /* SecurePassword */,
				56CC9F321B60B025002F3BCC /* Products */,
			);
			sourceTree = "<group>";
		};
		56CC9F321B60B025002F3BCC /* Products */ = {
			isa = PBXGroup;
			children = (
				56CC9F311B60B025002F3BCC /* SecurePassword.app */,
			);
			name = Products;
			sourceTree = "<group>";
		};
		56CC9F331B60B025002F3BCC /* SecurePassword */ = {
			isa = PBXGroup;
			children = (
				56CC9F581B60BFCE002F3BCC /* Source */,
				56CC9F341B60B025002F3BCC /* Resources */,
			);
			path = SecurePassword;
			sourceTree = "<group>";
		};
		56CC9F341B60B025002F3BCC /* Resources */ = {
			isa = PBXGroup;
			children = (
				56CC9F3D1B60B025002F3BCC /* Images.xcassets */,
				56CC9F351B60B025002F3BCC /* Info.plist */,
				56CC9F3F1B60B025002F3BCC /* LaunchScreen.xib */,
				56CC9F3A1B60B025002F3BCC /* Main.storyboard */,
			);
			path = Resources;
			sourceTree = "<group>";
		};
		56CC9F581B60BFCE002F3BCC /* Source */ = {
			isa = PBXGroup;
			children = (
				56CC9F591B60BFD4002F3BCC /* Controller */,
				56CC9F5A1B60BFDA002F3BCC /* Service */,
			);
			path = Source;
			sourceTree = "<group>";
		};
		56CC9F591B60BFD4002F3BCC /* Controller */ = {
			isa = PBXGroup;
			children = (
				56CC9F361B60B025002F3BCC /* AppDelegate.swift */,
				56CC9F381B60B025002F3BCC /* ViewController.swift */,
			);
			path = Controller;
			sourceTree = "<group>";
		};
		56CC9F5A1B60BFDA002F3BCC /* Service */ = {
			isa = PBXGroup;
			children = (
				56CC9F561B60B16E002F3BCC /* KeychainService.swift */,
			);
			path = Service;
			sourceTree = "<group>";
		};
/* End PBXGroup section */

/* Begin PBXNativeTarget section */
		56CC9F301B60B025002F3BCC /* SecurePassword */ = {
			isa = PBXNativeTarget;
			buildConfigurationList = 56CC9F501B60B025002F3BCC /* Build configuration list for PBXNativeTarget "SecurePassword" */;
			buildPhases = (
				56CC9F2D1B60B025002F3BCC /* Sources */,
				56CC9F2E1B60B025002F3BCC /* Frameworks */,
				56CC9F2F1B60B025002F3BCC /* Resources */,
			);
			buildRules = (
			);
			dependencies = (
			);
			name = SecurePassword;
			productName = Security;
			productReference = 56CC9F311B60B025002F3BCC /* SecurePassword.app */;
			productType = "com.apple.product-type.application";
		};
/* End PBXNativeTarget section */

/* Begin PBXProject section */
		56CC9F291B60B025002F3BCC /* Project object */ = {
			isa = PBXProject;
			attributes = {
				LastSwiftMigration = 0710;
				LastSwiftUpdateCheck = 0710;
				LastUpgradeCheck = 0820;
				TargetAttributes = {
					56CC9F301B60B025002F3BCC = {
						CreatedOnToolsVersion = 6.4;
						LastSwiftMigration = 0820;
					};
				};
			};
			buildConfigurationList = 56CC9F2C1B60B025002F3BCC /* Build configuration list for PBXProject "SecurePassword" */;
			compatibilityVersion = "Xcode 3.2";
			developmentRegion = English;
			hasScannedForEncodings = 0;
			knownRegions = (
				en,
				Base,
			);
			mainGroup = 56CC9F281B60B025002F3BCC;
			productRefGroup = 56CC9F321B60B025002F3BCC /* Products */;
			projectDirPath = "";
			projectRoot = "";
			targets = (
				56CC9F301B60B025002F3BCC /* SecurePassword */,
			);
		};
/* End PBXProject section */

/* Begin PBXResourcesBuildPhase section */
		56CC9F2F1B60B025002F3BCC /* Resources */ = {
			isa = PBXResourcesBuildPhase;
			buildActionMask = 2147483647;
			files = (
				56CC9F3C1B60B025002F3BCC /* Main.storyboard in Resources */,
				56CC9F411B60B025002F3BCC /* LaunchScreen.xib in Resources */,
				56CC9F3E1B60B025002F3BCC /* Images.xcassets in Resources */,
			);
			runOnlyForDeploymentPostprocessing = 0;
		};
/* End PBXResourcesBuildPhase section */

/* Begin PBXSourcesBuildPhase section */
		56CC9F2D1B60B025002F3BCC /* Sources */ = {
			isa = PBXSourcesBuildPhase;
			buildActionMask = 2147483647;
			files = (
				56CC9F391B60B025002F3BCC /* ViewController.swift in Sources */,
				56CC9F371B60B025002F3BCC /* AppDelegate.swift in Sources */,
				56CC9F571B60B16E002F3BCC /* KeychainService.swift in Sources */,
			);
			runOnlyForDeploymentPostprocessing = 0;
		};
/* End PBXSourcesBuildPhase section */

/* Begin PBXVariantGroup section */
		56CC9F3A1B60B025002F3BCC /* Main.storyboard */ = {
			isa = PBXVariantGroup;
			children = (
				56CC9F3B1B60B025002F3BCC /* Base */,
			);
			name = Main.storyboard;
			sourceTree = "<group>";
		};
		56CC9F3F1B60B025002F3BCC /* LaunchScreen.xib */ = {
			isa = PBXVariantGroup;
			children = (
				56CC9F401B60B025002F3BCC /* Base */,
			);
			name = LaunchScreen.xib;
			sourceTree = "<group>";
		};
/* End PBXVariantGroup section */

/* Begin XCBuildConfiguration section */
		56CC9F4E1B60B025002F3BCC /* Debug */ = {
			isa = XCBuildConfiguration;
			buildSettings = {
				ALWAYS_SEARCH_USER_PATHS = NO;
				CLANG_CXX_LANGUAGE_STANDARD = "gnu++0x";
				CLANG_CXX_LIBRARY = "libc++";
				CLANG_ENABLE_MODULES = YES;
				CLANG_ENABLE_OBJC_ARC = YES;
				CLANG_WARN_BOOL_CONVERSION = YES;
				CLANG_WARN_CONSTANT_CONVERSION = YES;
				CLANG_WARN_DIRECT_OBJC_ISA_USAGE = YES_ERROR;
				CLANG_WARN_EMPTY_BODY = YES;
				CLANG_WARN_ENUM_CONVERSION = YES;
				CLANG_WARN_INFINITE_RECURSION = YES;
				CLANG_WARN_INT_CONVERSION = YES;
				CLANG_WARN_OBJC_ROOT_CLASS = YES_ERROR;
				CLANG_WARN_SUSPICIOUS_MOVE = YES;
				CLANG_WARN_UNREACHABLE_CODE = YES;
				CLANG_WARN__DUPLICATE_METHOD_MATCH = YES;
				"CODE_SIGN_IDENTITY[sdk=iphoneos*]" = "iPhone Developer";
				COPY_PHASE_STRIP = NO;
				DEBUG_INFORMATION_FORMAT = "dwarf-with-dsym";
				ENABLE_STRICT_OBJC_MSGSEND = YES;
				ENABLE_TESTABILITY = YES;
				GCC_C_LANGUAGE_STANDARD = gnu99;
				GCC_DYNAMIC_NO_PIC = NO;
				GCC_NO_COMMON_BLOCKS = YES;
				GCC_OPTIMIZATION_LEVEL = 0;
				GCC_PREPROCESSOR_DEFINITIONS = (
					"DEBUG=1",
					"$(inherited)",
				);
				GCC_SYMBOLS_PRIVATE_EXTERN = NO;
				GCC_WARN_64_TO_32_BIT_CONVERSION = YES;
				GCC_WARN_ABOUT_RETURN_TYPE = YES_ERROR;
				GCC_WARN_UNDECLARED_SELECTOR = YES;
				GCC_WARN_UNINITIALIZED_AUTOS = YES_AGGRESSIVE;
				GCC_WARN_UNUSED_FUNCTION = YES;
				GCC_WARN_UNUSED_VARIABLE = YES;
				IPHONEOS_DEPLOYMENT_TARGET = 8.4;
				MTL_ENABLE_DEBUG_INFO = YES;
				ONLY_ACTIVE_ARCH = YES;
				SDKROOT = iphoneos;
				SWIFT_OPTIMIZATION_LEVEL = "-Onone";
			};
			name = Debug;
		};
		56CC9F4F1B60B025002F3BCC /* Release */ = {
			isa = XCBuildConfiguration;
			buildSettings = {
				ALWAYS_SEARCH_USER_PATHS = NO;
				CLANG_CXX_LANGUAGE_STANDARD = "gnu++0x";
				CLANG_CXX_LIBRARY = "libc++";
				CLANG_ENABLE_MODULES = YES;
				CLANG_ENABLE_OBJC_ARC = YES;
				CLANG_WARN_BOOL_CONVERSION = YES;
				CLANG_WARN_CONSTANT_CONVERSION = YES;
				CLANG_WARN_DIRECT_OBJC_ISA_USAGE = YES_ERROR;
				CLANG_WARN_EMPTY_BODY = YES;
				CLANG_WARN_ENUM_CONVERSION = YES;
				CLANG_WARN_INFINITE_RECURSION = YES;
				CLANG_WARN_INT_CONVERSION = YES;
				CLANG_WARN_OBJC_ROOT_CLASS = YES_ERROR;
				CLANG_WARN_SUSPICIOUS_MOVE = YES;
				CLANG_WARN_UNREACHABLE_CODE = YES;
				CLANG_WARN__DUPLICATE_METHOD_MATCH = YES;
				"CODE_SIGN_IDENTITY[sdk=iphoneos*]" = "iPhone Developer";
				COPY_PHASE_STRIP = NO;
				DEBUG_INFORMATION_FORMAT = "dwarf-with-dsym";
				ENABLE_NS_ASSERTIONS = NO;
				ENABLE_STRICT_OBJC_MSGSEND = YES;
				GCC_C_LANGUAGE_STANDARD = gnu99;
				GCC_NO_COMMON_BLOCKS = YES;
				GCC_WARN_64_TO_32_BIT_CONVERSION = YES;
				GCC_WARN_ABOUT_RETURN_TYPE = YES_ERROR;
				GCC_WARN_UNDECLARED_SELECTOR = YES;
				GCC_WARN_UNINITIALIZED_AUTOS = YES_AGGRESSIVE;
				GCC_WARN_UNUSED_FUNCTION = YES;
				GCC_WARN_UNUSED_VARIABLE = YES;
				IPHONEOS_DEPLOYMENT_TARGET = 8.4;
				MTL_ENABLE_DEBUG_INFO = NO;
				SDKROOT = iphoneos;
				SWIFT_OPTIMIZATION_LEVEL = "-Owholemodule";
				VALIDATE_PRODUCT = YES;
			};
			name = Release;
		};
		56CC9F511B60B025002F3BCC /* Debug */ = {
			isa = XCBuildConfiguration;
			buildSettings = {
				ASSETCATALOG_COMPILER_APPICON_NAME = AppIcon;
				INFOPLIST_FILE = "$(SRCROOT)/SecurePassword/Resources/Info.plist";
				LD_RUNPATH_SEARCH_PATHS = "$(inherited) @executable_path/Frameworks";
				PRODUCT_BUNDLE_IDENTIFIER = "com.cis399.$(PRODUCT_NAME:rfc1034identifier)";
				PRODUCT_NAME = SecurePassword;
				SWIFT_VERSION = 3.0;
			};
			name = Debug;
		};
		56CC9F521B60B025002F3BCC /* Release */ = {
			isa = XCBuildConfiguration;
			buildSettings = {
				ASSETCATALOG_COMPILER_APPICON_NAME = AppIcon;
				INFOPLIST_FILE = "$(SRCROOT)/SecurePassword/Resources/Info.plist";
				LD_RUNPATH_SEARCH_PATHS = "$(inherited) @executable_path/Frameworks";
				PRODUCT_BUNDLE_IDENTIFIER = "com.cis399.$(PRODUCT_NAME:rfc1034identifier)";
				PRODUCT_NAME = SecurePassword;
				SWIFT_VERSION = 3.0;
			};
			name = Release;
		};
/* End XCBuildConfiguration section */

/* Begin XCConfigurationList section */
		56CC9F2C1B60B025002F3BCC /* Build configuration list for PBXProject "SecurePassword" */ = {
			isa = XCConfigurationList;
			buildConfigurations = (
				56CC9F4E1B60B025002F3BCC /* Debug */,
				56CC9F4F1B60B025002F3BCC /* Release */,
			);
			defaultConfigurationIsVisible = 0;
			defaultConfigurationName = Release;
		};
		56CC9F501B60B025002F3BCC /* Build configuration list for PBXNativeTarget "SecurePassword" */ = {
			isa = XCConfigurationList;
			buildConfigurations = (
				56CC9F511B60B025002F3BCC /* Debug */,
				56CC9F521B60B025002F3BCC /* Release */,
			);
			defaultConfigurationIsVisible = 0;
			defaultConfigurationName = Release;
		};
/* End XCConfigurationList section */
	};
	rootObject = 56CC9F291B60B025002F3BCC /* Project object */;
}
